
Microsoft Visual Studio Solution File, Format Version 12.00
# Visual Studio 15
VisualStudioVersion = 15.0.28010.2050
MinimumVisualStudioVersion = 10.0.40219.1
Project("{FAE04EC0-301F-11D3-BF4B-00C04F79EFBC}") = "Hardware Info Getter", "Hardware Info Getter\Hardware Info Getter.csproj", "{2D966F34-490E-4D9E-BB78-6C57C5F5641E}"
EndProject
Global
	GlobalSection(SolutionConfigurationPlatforms) = preSolution
		Debug|Any CPU = Debug|Any CPU
		Release|Any CPU = Release|Any CPU
	EndGlobalSection
	GlobalSection(ProjectConfigurationPlatforms) = postSolution
		{2D966F34-490E-4D9E-BB78-6C57C5F5641E}.Debug|Any CPU.ActiveCfg = Debug|Any CPU
		{2D966F34-490E-4D9E-BB78-6C57C5F5641E}.Debug|Any CPU.Build.0 = Debug|Any CPU
		{2D966F34-490E-4D9E-BB78-6C57C5F5641E}.Release|Any CPU.ActiveCfg = Release|Any CPU
		{2D966F34-490E-4D9E-BB78-6C57C5F5641E}.Release|Any CPU.Build.0 = Release|Any CPU
	EndGlobalSection
	GlobalSection(SolutionProperties) = preSolution
		HideSolutionNode = FALSE
	EndGlobalSection
	GlobalSection(ExtensibilityGlobals) = postSolution
		SolutionGuid = {7D261B13-FECF-44A0-BDE2-15DC47EC9C86}
	EndGlobalSection
EndGlobal
